
Microsoft Visual Studio Solution File, Format Version 12.00
# Visual Studio Version 17
VisualStudioVersion = 17.12.35707.178
MinimumVisualStudioVersion = 10.0.40219.1
Project("{FAE04EC0-301F-11D3-BF4B-00C04F79EFBC}") = "CodingChallengeOldPhonePad", "CodingChallengeOldPhonePad\CodingChallengeOldPhonePad.csproj", "{83FFC9AE-9D81-4989-8902-7C3051BE33B6}"
EndProject
Project("{FAE04EC0-301F-11D3-BF4B-00C04F79EFBC}") = "OldPhonePadTest", "OldPhonePadTest\OldPhonePadTest.csproj", "{765F7737-F914-4965-A303-502DE9745BE0}"
EndProject
Global
	GlobalSection(SolutionConfigurationPlatforms) = preSolution
		Debug|Any CPU = Debug|Any CPU
		Release|Any CPU = Release|Any CPU
	EndGlobalSection
	GlobalSection(ProjectConfigurationPlatforms) = postSolution
		{83FFC9AE-9D81-4989-8902-7C3051BE33B6}.Debug|Any CPU.ActiveCfg = Debug|Any CPU
		{83FFC9AE-9D81-4989-8902-7C3051BE33B6}.Debug|Any CPU.Build.0 = Debug|Any CPU
		{83FFC9AE-9D81-4989-8902-7C3051BE33B6}.Release|Any CPU.ActiveCfg = Release|Any CPU
		{83FFC9AE-9D81-4989-8902-7C3051BE33B6}.Release|Any CPU.Build.0 = Release|Any CPU
		{765F7737-F914-4965-A303-502DE9745BE0}.Debug|Any CPU.ActiveCfg = Debug|Any CPU
		{765F7737-F914-4965-A303-502DE9745BE0}.Debug|Any CPU.Build.0 = Debug|Any CPU
		{765F7737-F914-4965-A303-502DE9745BE0}.Release|Any CPU.ActiveCfg = Release|Any CPU
		{765F7737-F914-4965-A303-502DE9745BE0}.Release|Any CPU.Build.0 = Release|Any CPU
	EndGlobalSection
	GlobalSection(SolutionProperties) = preSolution
		HideSolutionNode = FALSE
	EndGlobalSection
EndGlobal
